{
  "nodes": {
    "nixpkgs": {
      "locked": {
        "lastModified": 1784812282,
        "narHash": "sha256-kj0RWcISiimYMfvVVXk4O9z73XHY/tPSVYZ24imKdP8=",
        "rev": "6d12004108e0e4a5cfa4bd83b14477f040b15773",
        "type": "tarball",
        "url": "https://releases.nixos.org/nixpkgs/nixpkgs-26.11pre1040448.6d12004108e0/nixexprs.tar.zst"
      },
      "original": {
        "type": "tarball",
        "url": "https://channels.nixos.org/nixpkgs-unstable/nixexprs.tar.zst"
      }
    },
    "root": {
      "inputs": {
        "nixpkgs": "nixpkgs"
      }
    }
  },
  "root": "root",
  "version": 7
}
